
Microsoft Visual Studio Solution File, Format Version 12.00
# Visual Studio 15
VisualStudioVersion = 15.0.28010.2016
MinimumVisualStudioVersion = 10.0.40219.1
Project("{9A19103F-16F7-4668-BE54-9A1E7A4F7556}") = "PrintingBI.API", "PrintingBI.API\PrintingBI.API.csproj", "{D2153CB4-4C99-4EDE-A034-6E6AB0C39FD1}"
EndProject
Project("{9A19103F-16F7-4668-BE54-9A1E7A4F7556}") = "PrintingBI.Data", "PrintingBI.Data\PrintingBI.Data.csproj", "{951F1B5F-5975-4359-9509-42A430ED7D9D}"
EndProject
Project("{9A19103F-16F7-4668-BE54-9A1E7A4F7556}") = "PrintingBI.Services", "PrintingBI.Services\PrintingBI.Services.csproj", "{7725D44E-60B9-4ECA-A131-2F36E895AF2E}"
EndProject
Project("{FAE04EC0-301F-11D3-BF4B-00C04F79EFBC}") = "PrintingBI.Authentication", "PrintingBI.Authentication\PrintingBI.Authentication.csproj", "{4228F99C-CE13-47B5-A61F-F1CA4E13AFB3}"
EndProject
Global
	GlobalSection(SolutionConfigurationPlatforms) = preSolution
		Debug|Any CPU = Debug|Any CPU
		Release|Any CPU = Release|Any CPU
	EndGlobalSection
	GlobalSection(ProjectConfigurationPlatforms) = postSolution
		{D2153CB4-4C99-4EDE-A034-6E6AB0C39FD1}.Debug|Any CPU.ActiveCfg = Debug|Any CPU
		{D2153CB4-4C99-4EDE-A034-6E6AB0C39FD1}.Debug|Any CPU.Build.0 = Debug|Any CPU
		{D2153CB4-4C99-4EDE-A034-6E6AB0C39FD1}.Release|Any CPU.ActiveCfg = Release|Any CPU
		{D2153CB4-4C99-4EDE-A034-6E6AB0C39FD1}.Release|Any CPU.Build.0 = Release|Any CPU
		{951F1B5F-5975-4359-9509-42A430ED7D9D}.Debug|Any CPU.ActiveCfg = Debug|Any CPU
		{951F1B5F-5975-4359-9509-42A430ED7D9D}.Debug|Any CPU.Build.0 = Debug|Any CPU
		{951F1B5F-5975-4359-9509-42A430ED7D9D}.Release|Any CPU.ActiveCfg = Release|Any CPU
		{951F1B5F-5975-4359-9509-42A430ED7D9D}.Release|Any CPU.Build.0 = Release|Any CPU
		{7725D44E-60B9-4ECA-A131-2F36E895AF2E}.Debug|Any CPU.ActiveCfg = Debug|Any CPU
		{7725D44E-60B9-4ECA-A131-2F36E895AF2E}.Debug|Any CPU.Build.0 = Debug|Any CPU
		{7725D44E-60B9-4ECA-A131-2F36E895AF2E}.Release|Any CPU.ActiveCfg = Release|Any CPU
		{7725D44E-60B9-4ECA-A131-2F36E895AF2E}.Release|Any CPU.Build.0 = Release|Any CPU
		{4228F99C-CE13-47B5-A61F-F1CA4E13AFB3}.Debug|Any CPU.ActiveCfg = Debug|Any CPU
		{4228F99C-CE13-47B5-A61F-F1CA4E13AFB3}.Debug|Any CPU.Build.0 = Debug|Any CPU
		{4228F99C-CE13-47B5-A61F-F1CA4E13AFB3}.Release|Any CPU.ActiveCfg = Release|Any CPU
		{4228F99C-CE13-47B5-A61F-F1CA4E13AFB3}.Release|Any CPU.Build.0 = Release|Any CPU
	EndGlobalSection
	GlobalSection(SolutionProperties) = preSolution
		HideSolutionNode = FALSE
	EndGlobalSection
	GlobalSection(ExtensibilityGlobals) = postSolution
		SolutionGuid = {47CB78B1-4069-45A9-A415-7AFB35E1A6B6}
	EndGlobalSection
EndGlobal
